
Microsoft Visual Studio Solution File, Format Version 12.00
# Visual Studio 15
Project("{FAE04EC0-301F-11D3-BF4B-00C04F79EFBC}") = "Assembly-CSharp", "Assembly-CSharp.csproj", "{19EDF7B6-F6BC-DCFD-540F-E05E2C2554FD}"
EndProject
Project("{FAE04EC0-301F-11D3-BF4B-00C04F79EFBC}") = "Assembly-CSharp-Editor", "Assembly-CSharp-Editor.csproj", "{F650C09C-CE1D-FFD3-161F-B9CA15D901E7}"
EndProject
Global
	GlobalSection(SolutionConfigurationPlatforms) = preSolution
		Debug|Any CPU = Debug|Any CPU
		Release|Any CPU = Release|Any CPU
	EndGlobalSection
	GlobalSection(ProjectConfigurationPlatforms) = postSolution
		{19EDF7B6-F6BC-DCFD-540F-E05E2C2554FD}.Debug|Any CPU.ActiveCfg = Debug|Any CPU
		{19EDF7B6-F6BC-DCFD-540F-E05E2C2554FD}.Debug|Any CPU.Build.0 = Debug|Any CPU
		{19EDF7B6-F6BC-DCFD-540F-E05E2C2554FD}.Release|Any CPU.ActiveCfg = Release|Any CPU
		{19EDF7B6-F6BC-DCFD-540F-E05E2C2554FD}.Release|Any CPU.Build.0 = Release|Any CPU
		{F650C09C-CE1D-FFD3-161F-B9CA15D901E7}.Debug|Any CPU.ActiveCfg = Debug|Any CPU
		{F650C09C-CE1D-FFD3-161F-B9CA15D901E7}.Debug|Any CPU.Build.0 = Debug|Any CPU
		{F650C09C-CE1D-FFD3-161F-B9CA15D901E7}.Release|Any CPU.ActiveCfg = Release|Any CPU
		{F650C09C-CE1D-FFD3-161F-B9CA15D901E7}.Release|Any CPU.Build.0 = Release|Any CPU
	EndGlobalSection
	GlobalSection(SolutionProperties) = preSolution
		HideSolutionNode = FALSE
	EndGlobalSection
EndGlobal
